github.com/firefly-zero/firefly-go v0.10.0 h1:CFEVPrXdLCZYgMna2DMncZ+lR01xg3danlXtIw+dJkE=
github.com/firefly-zero/firefly-go v0.10.0/go.mod h1:+X/XGyPdES51OESkV8NSf1mszEBZionoROM7x2pBofw=
github.com/orsinium-labs/tinymath v1.1.0 h1:KomdsyLHB7vE3f1nRAJF2dyf1m/gnM2HxfTeV1vS5UA=
github.com/orsinium-labs/tinymath v1.1.0/go.mod h1:WPXX6ei3KSXG7JfA03a+ekCYaY9SWN4I+JRl2p6ck+A=
