github.com/firefly-zero/firefly-go v0.3.0 h1:1Ekk1xmwOboq4EFLMn0QTCfVh6j/RNDVQVEoSlpkbrw=
github.com/firefly-zero/firefly-go v0.3.0/go.mod h1:Uzie8FNoYCjp1mDxnzWnLQv7+ABS/LC7T7kPoJZtIF8=
github.com/firefly-zero/firefly-go v0.4.1 h1:GFx+uFK+Ea5Ezyr6/OPzGvRiiDkea4vJ5m4/uzmUMwI=
github.com/firefly-zero/firefly-go v0.4.1/go.mod h1:Uzie8FNoYCjp1mDxnzWnLQv7+ABS/LC7T7kPoJZtIF8=
github.com/orsinium-labs/tinymath v1.0.0 h1:Uzp3GmjWIBxMObx4MQi9ACDu4Q8WKjSRakB1OMo9Bu0=
github.com/orsinium-labs/tinymath v1.0.0/go.mod h1:WPXX6ei3KSXG7JfA03a+ekCYaY9SWN4I+JRl2p6ck+A=
